
Microsoft Visual Studio Solution File, Format Version 12.00
# Visual Studio Version 17
VisualStudioVersion = 17.8.34330.188
MinimumVisualStudioVersion = 10.0.40219.1
Project("{FAE04EC0-301F-11D3-BF4B-00C04F79EFBC}") = "Assignment_2", "Assignment_2\Assignment_2.csproj", "{C7D7CC59-0BA1-4290-BD0B-A6353FF7F12F}"
EndProject
Global
	GlobalSection(SolutionConfigurationPlatforms) = preSolution
		Debug|Any CPU = Debug|Any CPU
		Release|Any CPU = Release|Any CPU
	EndGlobalSection
	GlobalSection(ProjectConfigurationPlatforms) = postSolution
		{C7D7CC59-0BA1-4290-BD0B-A6353FF7F12F}.Debug|Any CPU.ActiveCfg = Debug|Any CPU
		{C7D7CC59-0BA1-4290-BD0B-A6353FF7F12F}.Debug|Any CPU.Build.0 = Debug|Any CPU
		{C7D7CC59-0BA1-4290-BD0B-A6353FF7F12F}.Release|Any CPU.ActiveCfg = Release|Any CPU
		{C7D7CC59-0BA1-4290-BD0B-A6353FF7F12F}.Release|Any CPU.Build.0 = Release|Any CPU
	EndGlobalSection
	GlobalSection(SolutionProperties) = preSolution
		HideSolutionNode = FALSE
	EndGlobalSection
	GlobalSection(ExtensibilityGlobals) = postSolution
		SolutionGuid = {C51299A1-D714-4CAF-94D0-314FAE9DECDA}
	EndGlobalSection
EndGlobal
